
Microsoft Visual Studio Solution File, Format Version 12.00
# Visual Studio 15
VisualStudioVersion = 15.0.26730.8
MinimumVisualStudioVersion = 10.0.40219.1
Project("{FAE04EC0-301F-11D3-BF4B-00C04F79EFBC}") = "msmq-management", "msmq-management\msmq-management.csproj", "{F20F592B-F265-47CA-B741-413999681ED6}"
EndProject
Global
	GlobalSection(SolutionConfigurationPlatforms) = preSolution
		Debug|Any CPU = Debug|Any CPU
		Release|Any CPU = Release|Any CPU
	EndGlobalSection
	GlobalSection(ProjectConfigurationPlatforms) = postSolution
		{F20F592B-F265-47CA-B741-413999681ED6}.Debug|Any CPU.ActiveCfg = Debug|Any CPU
		{F20F592B-F265-47CA-B741-413999681ED6}.Debug|Any CPU.Build.0 = Debug|Any CPU
		{F20F592B-F265-47CA-B741-413999681ED6}.Release|Any CPU.ActiveCfg = Release|Any CPU
		{F20F592B-F265-47CA-B741-413999681ED6}.Release|Any CPU.Build.0 = Release|Any CPU
	EndGlobalSection
	GlobalSection(SolutionProperties) = preSolution
		HideSolutionNode = FALSE
	EndGlobalSection
	GlobalSection(ExtensibilityGlobals) = postSolution
		SolutionGuid = {AA1760D1-6BFC-4684-940E-B19C76A22411}
	EndGlobalSection
EndGlobal
